// !$*UTF8*$!
{
	archiveVersion = 1;
	classes = {
	};
	objectVersion = 46;
	objects = {

/* Begin PBXBuildFile section */
		D301153D1E68245000829A34 /* FTHTTPClient.swift in Sources */ = {isa = PBXBuildFile; fileRef = D301153C1E68245000829A34 /* FTHTTPClient.swift */; };
		D325D5DF1E66C6B200CB9EEF /* FTTabbarContrller.swift in Sources */ = {isa = PBXBuildFile; fileRef = D325D5DE1E66C6B200CB9EEF /* FTTabbarContrller.swift */; };
		D325D5E71E66DA5D00CB9EEF /* Home.xcassets in Resources */ = {isa = PBXBuildFile; fileRef = D325D5E61E66DA5D00CB9EEF /* Home.xcassets */; };
		D325D5EC1E67C2DF00CB9EEF /* AudioToolbox.framework in Frameworks */ = {isa = PBXBuildFile; fileRef = D325D5EB1E67C2DF00CB9EEF /* AudioToolbox.framework */; };
		D325D5EE1E67C89B00CB9EEF /* AVFoundation.framework in Frameworks */ = {isa = PBXBuildFile; fileRef = D325D5ED1E67C89B00CB9EEF /* AVFoundation.framework */; };
		D325D5F01E67C8A300CB9EEF /* CoreMedia.framework in Frameworks */ = {isa = PBXBuildFile; fileRef = D325D5EF1E67C8A300CB9EEF /* CoreMedia.framework */; };
		D325D5F21E67C8B100CB9EEF /* CoreVideo.framework in Frameworks */ = {isa = PBXBuildFile; fileRef = D325D5F11E67C8B100CB9EEF /* CoreVideo.framework */; };
		D325D5F41E67C90400CB9EEF /* libbz2.tbd in Frameworks */ = {isa = PBXBuildFile; fileRef = D325D5F31E67C90400CB9EEF /* libbz2.tbd */; };
		D325D5F61E67C90D00CB9EEF /* libz.tbd in Frameworks */ = {isa = PBXBuildFile; fileRef = D325D5F51E67C90D00CB9EEF /* libz.tbd */; };
		D325D5F81E67C91700CB9EEF /* MediaPlayer.framework in Frameworks */ = {isa = PBXBuildFile; fileRef = D325D5F71E67C91700CB9EEF /* MediaPlayer.framework */; };
		D325D5FA1E67C92200CB9EEF /* MobileCoreServices.framework in Frameworks */ = {isa = PBXBuildFile; fileRef = D325D5F91E67C92200CB9EEF /* MobileCoreServices.framework */; };
		D325D5FC1E67C92800CB9EEF /* OpenGLES.framework in Frameworks */ = {isa = PBXBuildFile; fileRef = D325D5FB1E67C92800CB9EEF /* OpenGLES.framework */; };
		D325D5FE1E67C93100CB9EEF /* VideoToolbox.framework in Frameworks */ = {isa = PBXBuildFile; fileRef = D325D5FD1E67C93100CB9EEF /* VideoToolbox.framework */; };
		D334D1E21E77B50700F67BAA /* FTFont.swift in Sources */ = {isa = PBXBuildFile; fileRef = D334D1E11E77B50700F67BAA /* FTFont.swift */; };
		D334D2261E77C36400F67BAA /* FTColor.swift in Sources */ = {isa = PBXBuildFile; fileRef = D334D2251E77C36400F67BAA /* FTColor.swift */; };
		D334D22A1E781ED400F67BAA /* FTValidObject.swift in Sources */ = {isa = PBXBuildFile; fileRef = D334D2291E781ED400F67BAA /* FTValidObject.swift */; };
		D334D26E1E78FF8100F67BAA /* Shelf.xcassets in Resources */ = {isa = PBXBuildFile; fileRef = D334D26D1E78FF8100F67BAA /* Shelf.xcassets */; };
		D334D2711E79177400F67BAA /* FTLiveDetailViewController.swift in Sources */ = {isa = PBXBuildFile; fileRef = D334D2701E79177400F67BAA /* FTLiveDetailViewController.swift */; };
		D334D2B41E7942BE00F67BAA /* FTLiveUser.swift in Sources */ = {isa = PBXBuildFile; fileRef = D334D2B31E7942BE00F67BAA /* FTLiveUser.swift */; };
		D334D2B61E794A7200F67BAA /* FTLiveLabel.swift in Sources */ = {isa = PBXBuildFile; fileRef = D334D2B51E794A7200F67BAA /* FTLiveLabel.swift */; };
		D334D2B81E79899E00F67BAA /* Common.xcassets in Resources */ = {isa = PBXBuildFile; fileRef = D334D2B71E79899E00F67BAA /* Common.xcassets */; };
		D334D2BA1E7997AA00F67BAA /* FTMagicMoveTransion.swift in Sources */ = {isa = PBXBuildFile; fileRef = D334D2B91E7997AA00F67BAA /* FTMagicMoveTransion.swift */; };
		D340A6F81E6030E20059E665 /* AppDelegate.swift in Sources */ = {isa = PBXBuildFile; fileRef = D340A6F71E6030E20059E665 /* AppDelegate.swift */; };
		D340A6FA1E6030E20059E665 /* ViewController.swift in Sources */ = {isa = PBXBuildFile; fileRef = D340A6F91E6030E20059E665 /* ViewController.swift */; };
		D340A6FD1E6030E20059E665 /* Main.storyboard in Resources */ = {isa = PBXBuildFile; fileRef = D340A6FB1E6030E20059E665 /* Main.storyboard */; };
		D340A7001E6030E20059E665 /* FaceTube.xcdatamodeld in Sources */ = {isa = PBXBuildFile; fileRef = D340A6FE1E6030E20059E665 /* FaceTube.xcdatamodeld */; };
		D340A7021E6030E20059E665 /* Assets.xcassets in Resources */ = {isa = PBXBuildFile; fileRef = D340A7011E6030E20059E665 /* Assets.xcassets */; };
		D340A7051E6030E20059E665 /* LaunchScreen.storyboard in Resources */ = {isa = PBXBuildFile; fileRef = D340A7031E6030E20059E665 /* LaunchScreen.storyboard */; };
		D340A7101E6030E30059E665 /* FaceTubeTests.swift in Sources */ = {isa = PBXBuildFile; fileRef = D340A70F1E6030E30059E665 /* FaceTubeTests.swift */; };
		D340A71B1E6030E30059E665 /* FaceTubeUITests.swift in Sources */ = {isa = PBXBuildFile; fileRef = D340A71A1E6030E30059E665 /* FaceTubeUITests.swift */; };
		D3452E6F1E76DE0900E86405 /* FTHomeViewController.swift in Sources */ = {isa = PBXBuildFile; fileRef = D3452E6E1E76DE0800E86405 /* FTHomeViewController.swift */; };
		D3452E711E76E66E00E86405 /* FTHomeLiveTableViewCell.swift in Sources */ = {isa = PBXBuildFile; fileRef = D3452E701E76E66E00E86405 /* FTHomeLiveTableViewCell.swift */; };
		D37216501E6FE0310098A907 /* IJKMediaFramework.framework in Frameworks */ = {isa = PBXBuildFile; fileRef = D372164F1E6FE0310098A907 /* IJKMediaFramework.framework */; };
		D37216511E6FE05E0098A907 /* IJKMediaFramework.framework in Frameworks */ = {isa = PBXBuildFile; fileRef = D372164F1E6FE0310098A907 /* IJKMediaFramework.framework */; };
		D37216521E6FE05E0098A907 /* IJKMediaFramework.framework in Embed Frameworks */ = {isa = PBXBuildFile; fileRef = D372164F1E6FE0310098A907 /* IJKMediaFramework.framework */; settings = {ATTRIBUTES = (CodeSignOnCopy, RemoveHeadersOnCopy, ); }; };
		D37216541E6FE1F80098A907 /* libc++.tbd in Frameworks */ = {isa = PBXBuildFile; fileRef = D37216531E6FE1F80098A907 /* libc++.tbd */; };
		D372165B1E70F4680098A907 /* FTViewController.swift in Sources */ = {isa = PBXBuildFile; fileRef = D372165A1E70F4680098A907 /* FTViewController.swift */; };
		D372165D1E70F4810098A907 /* FTView.swift in Sources */ = {isa = PBXBuildFile; fileRef = D372165C1E70F4810098A907 /* FTView.swift */; };
		D372165F1E70F4FC0098A907 /* FTTableView.swift in Sources */ = {isa = PBXBuildFile; fileRef = D372165E1E70F4FC0098A907 /* FTTableView.swift */; };
		D37216611E70F50B0098A907 /* FTTableViewCell.swift in Sources */ = {isa = PBXBuildFile; fileRef = D37216601E70F50B0098A907 /* FTTableViewCell.swift */; };
		D37216631E70F5200098A907 /* FTArray.swift in Sources */ = {isa = PBXBuildFile; fileRef = D37216621E70F5200098A907 /* FTArray.swift */; };
		D37216651E70F52F0098A907 /* FTMutableArray.swift in Sources */ = {isa = PBXBuildFile; fileRef = D37216641E70F52F0098A907 /* FTMutableArray.swift */; };
		D37216671E70F5410098A907 /* FTDictionary.swift in Sources */ = {isa = PBXBuildFile; fileRef = D37216661E70F5410098A907 /* FTDictionary.swift */; };
		D37216691E70F5600098A907 /* FTMutableDictionary.swift in Sources */ = {isa = PBXBuildFile; fileRef = D37216681E70F5600098A907 /* FTMutableDictionary.swift */; };
		D372166B1E7124A30098A907 /* FTIJKPlayerController.swift in Sources */ = {isa = PBXBuildFile; fileRef = D372166A1E7124A30098A907 /* FTIJKPlayerController.swift */; };
		D37216701E7125A80098A907 /* FTModel.swift in Sources */ = {isa = PBXBuildFile; fileRef = D372166F1E7125A80098A907 /* FTModel.swift */; };
		D37216721E7128140098A907 /* FTHomeLiveModel.swift in Sources */ = {isa = PBXBuildFile; fileRef = D37216711E7128140098A907 /* FTHomeLiveModel.swift */; };
		D37216741E7128A00098A907 /* FTDataSource.swift in Sources */ = {isa = PBXBuildFile; fileRef = D37216731E7128A00098A907 /* FTDataSource.swift */; };
		D37216771E7134B80098A907 /* FTHomeLiveDataSource.swift in Sources */ = {isa = PBXBuildFile; fileRef = D37216761E7134B80098A907 /* FTHomeLiveDataSource.swift */; };
		D372167B1E71A9A60098A907 /* FTTool.swift in Sources */ = {isa = PBXBuildFile; fileRef = D372167A1E71A9A60098A907 /* FTTool.swift */; };
		D3E83BD11E82AAC100AAABB9 /* FTVideoCaptureViewController.swift in Sources */ = {isa = PBXBuildFile; fileRef = D3E83BD01E82AAC000AAABB9 /* FTVideoCaptureViewController.swift */; };
		D3F055941E8B895800B792D7 /* Record.xcassets in Resources */ = {isa = PBXBuildFile; fileRef = D3F055931E8B895800B792D7 /* Record.xcassets */; };
		D3F9AE421E839CD30053B543 /* FTVideoCaptureToolBar.swift in Sources */ = {isa = PBXBuildFile; fileRef = D3F9AE411E839CD30053B543 /* FTVideoCaptureToolBar.swift */; };
		D3FA39851E85063600BA5279 /* FTFocusView.swift in Sources */ = {isa = PBXBuildFile; fileRef = D3FA39841E85063600BA5279 /* FTFocusView.swift */; };
		D3FA398A1E850D4B00BA5279 /* FTUserView.swift in Sources */ = {isa = PBXBuildFile; fileRef = D3FA39891E850D4B00BA5279 /* FTUserView.swift */; };
		D3FA398C1E8511D100BA5279 /* Tool.xcassets in Resources */ = {isa = PBXBuildFile; fileRef = D3FA398B1E8511D100BA5279 /* Tool.xcassets */; };
		FBAEC164427E09B129F9D94E /* Pods_FaceTube.framework in Frameworks */ = {isa = PBXBuildFile; fileRef = 854F032D28A932DD74EE96DF /* Pods_FaceTube.framework */; };
/* End PBXBuildFile section */

/* Begin PBXContainerItemProxy section */
		D340A70C1E6030E30059E665 /* PBXContainerItemProxy */ = {
			isa = PBXContainerItemProxy;
			containerPortal = D340A6EC1E6030E20059E665 /* Project object */;
			proxyType = 1;
			remoteGlobalIDString = D340A6F31E6030E20059E665;
			remoteInfo = FaceTube;
		};
		D340A7171E6030E30059E665 /* PBXContainerItemProxy */ = {
			isa = PBXContainerItemProxy;
			containerPortal = D340A6EC1E6030E20059E665 /* Project object */;
			proxyType = 1;
			remoteGlobalIDString = D340A6F31E6030E20059E665;
			remoteInfo = FaceTube;
		};
/* End PBXContainerItemProxy section */

/* Begin PBXCopyFilesBuildPhase section */
		D3CB8F7A1E6D359700434A17 /* Embed Frameworks */ = {
			isa = PBXCopyFilesBuildPhase;
			buildActionMask = 2147483647;
			dstPath = "";
			dstSubfolderSpec = 10;
			files = (
				D37216521E6FE05E0098A907 /* IJKMediaFramework.framework in Embed Frameworks */,
			);
			name = "Embed Frameworks";
			runOnlyForDeploymentPostprocessing = 0;
		};
/* End PBXCopyFilesBuildPhase section */

/* Begin PBXFileReference section */
		041DB04E7ED3876EBB08EFD3 /* Pods-FaceTube.release.xcconfig */ = {isa = PBXFileReference; includeInIndex = 1; lastKnownFileType = text.xcconfig; name = "Pods-FaceTube.release.xcconfig"; path = "Pods/Target Support Files/Pods-FaceTube/Pods-FaceTube.release.xcconfig"; sourceTree = "<group>"; };
		854F032D28A932DD74EE96DF /* Pods_FaceTube.framework */ = {isa = PBXFileReference; explicitFileType = wrapper.framework; includeInIndex = 0; path = Pods_FaceTube.framework; sourceTree = BUILT_PRODUCTS_DIR; };
		D301153C1E68245000829A34 /* FTHTTPClient.swift */ = {isa = PBXFileReference; fileEncoding = 4; lastKnownFileType = sourcecode.swift; path = FTHTTPClient.swift; sourceTree = "<group>"; };
		D30115401E691EA500829A34 /* FaceTube-Bridging-Header.h */ = {isa = PBXFileReference; lastKnownFileType = sourcecode.c.h; path = "FaceTube-Bridging-Header.h"; sourceTree = "<group>"; };
		D325D5DE1E66C6B200CB9EEF /* FTTabbarContrller.swift */ = {isa = PBXFileReference; fileEncoding = 4; lastKnownFileType = sourcecode.swift; path = FTTabbarContrller.swift; sourceTree = "<group>"; };
		D325D5E61E66DA5D00CB9EEF /* Home.xcassets */ = {isa = PBXFileReference; lastKnownFileType = folder.assetcatalog; path = Home.xcassets; sourceTree = "<group>"; };
		D325D5EB1E67C2DF00CB9EEF /* AudioToolbox.framework */ = {isa = PBXFileReference; lastKnownFileType = wrapper.framework; name = AudioToolbox.framework; path = System/Library/Frameworks/AudioToolbox.framework; sourceTree = SDKROOT; };
		D325D5ED1E67C89B00CB9EEF /* AVFoundation.framework */ = {isa = PBXFileReference; lastKnownFileType = wrapper.framework; name = AVFoundation.framework; path = System/Library/Frameworks/AVFoundation.framework; sourceTree = SDKROOT; };
		D325D5EF1E67C8A300CB9EEF /* CoreMedia.framework */ = {isa = PBXFileReference; lastKnownFileType = wrapper.framework; name = CoreMedia.framework; path = System/Library/Frameworks/CoreMedia.framework; sourceTree = SDKROOT; };
		D325D5F11E67C8B100CB9EEF /* CoreVideo.framework */ = {isa = PBXFileReference; lastKnownFileType = wrapper.framework; name = CoreVideo.framework; path = System/Library/Frameworks/CoreVideo.framework; sourceTree = SDKROOT; };
		D325D5F31E67C90400CB9EEF /* libbz2.tbd */ = {isa = PBXFileReference; lastKnownFileType = "sourcecode.text-based-dylib-definition"; name = libbz2.tbd; path = usr/lib/libbz2.tbd; sourceTree = SDKROOT; };
		D325D5F51E67C90D00CB9EEF /* libz.tbd */ = {isa = PBXFileReference; lastKnownFileType = "sourcecode.text-based-dylib-definition"; name = libz.tbd; path = usr/lib/libz.tbd; sourceTree = SDKROOT; };
		D325D5F71E67C91700CB9EEF /* MediaPlayer.framework */ = {isa = PBXFileReference; lastKnownFileType = wrapper.framework; name = MediaPlayer.framework; path = System/Library/Frameworks/MediaPlayer.framework; sourceTree = SDKROOT; };
		D325D5F91E67C92200CB9EEF /* MobileCoreServices.framework */ = {isa = PBXFileReference; lastKnownFileType = wrapper.framework; name = MobileCoreServices.framework; path = System/Library/Frameworks/MobileCoreServices.framework; sourceTree = SDKROOT; };
		D325D5FB1E67C92800CB9EEF /* OpenGLES.framework */ = {isa = PBXFileReference; lastKnownFileType = wrapper.framework; name = OpenGLES.framework; path = System/Library/Frameworks/OpenGLES.framework; sourceTree = SDKROOT; };
		D325D5FD1E67C93100CB9EEF /* VideoToolbox.framework */ = {isa = PBXFileReference; lastKnownFileType = wrapper.framework; name = VideoToolbox.framework; path = System/Library/Frameworks/VideoToolbox.framework; sourceTree = SDKROOT; };
		D334D1E11E77B50700F67BAA /* FTFont.swift */ = {isa = PBXFileReference; fileEncoding = 4; lastKnownFileType = sourcecode.swift; path = FTFont.swift; sourceTree = "<group>"; };
		D334D2251E77C36400F67BAA /* FTColor.swift */ = {isa = PBXFileReference; fileEncoding = 4; lastKnownFileType = sourcecode.swift; path = FTColor.swift; sourceTree = "<group>"; };
		D334D2291E781ED400F67BAA /* FTValidObject.swift */ = {isa = PBXFileReference; fileEncoding = 4; lastKnownFileType = sourcecode.swift; path = FTValidObject.swift; sourceTree = "<group>"; };
		D334D26D1E78FF8100F67BAA /* Shelf.xcassets */ = {isa = PBXFileReference; lastKnownFileType = folder.assetcatalog; path = Shelf.xcassets; sourceTree = "<group>"; };
		D334D2701E79177400F67BAA /* FTLiveDetailViewController.swift */ = {isa = PBXFileReference; fileEncoding = 4; lastKnownFileType = sourcecode.swift; path = FTLiveDetailViewController.swift; sourceTree = "<group>"; };
		D334D2B31E7942BE00F67BAA /* FTLiveUser.swift */ = {isa = PBXFileReference; fileEncoding = 4; lastKnownFileType = sourcecode.swift; path = FTLiveUser.swift; sourceTree = "<group>"; };
		D334D2B51E794A7200F67BAA /* FTLiveLabel.swift */ = {isa = PBXFileReference; fileEncoding = 4; lastKnownFileType = sourcecode.swift; path = FTLiveLabel.swift; sourceTree = "<group>"; };
		D334D2B71E79899E00F67BAA /* Common.xcassets */ = {isa = PBXFileReference; lastKnownFileType = folder.assetcatalog; path = Common.xcassets; sourceTree = "<group>"; };
		D334D2B91E7997AA00F67BAA /* FTMagicMoveTransion.swift */ = {isa = PBXFileReference; fileEncoding = 4; lastKnownFileType = sourcecode.swift; path = FTMagicMoveTransion.swift; sourceTree = "<group>"; };
		D340A6F41E6030E20059E665 /* FaceTube.app */ = {isa = PBXFileReference; explicitFileType = wrapper.application; includeInIndex = 0; path = FaceTube.app; sourceTree = BUILT_PRODUCTS_DIR; };
		D340A6F71E6030E20059E665 /* AppDelegate.swift */ = {isa = PBXFileReference; lastKnownFileType = sourcecode.swift; path = AppDelegate.swift; sourceTree = "<group>"; };
		D340A6F91E6030E20059E665 /* ViewController.swift */ = {isa = PBXFileReference; lastKnownFileType = sourcecode.swift; path = ViewController.swift; sourceTree = "<group>"; };
		D340A6FC1E6030E20059E665 /* Base */ = {isa = PBXFileReference; lastKnownFileType = file.storyboard; name = Base; path = Base.lproj/Main.storyboard; sourceTree = "<group>"; };
		D340A6FF1E6030E20059E665 /* FaceTube.xcdatamodel */ = {isa = PBXFileReference; lastKnownFileType = wrapper.xcdatamodel; path = FaceTube.xcdatamodel; sourceTree = "<group>"; };
		D340A7011E6030E20059E665 /* Assets.xcassets */ = {isa = PBXFileReference; lastKnownFileType = folder.assetcatalog; path = Assets.xcassets; sourceTree = "<group>"; };
		D340A7041E6030E20059E665 /* Base */ = {isa = PBXFileReference; lastKnownFileType = file.storyboard; name = Base; path = Base.lproj/LaunchScreen.storyboard; sourceTree = "<group>"; };
		D340A7061E6030E20059E665 /* Info.plist */ = {isa = PBXFileReference; lastKnownFileType = text.plist.xml; path = Info.plist; sourceTree = "<group>"; };
		D340A70B1E6030E30059E665 /* FaceTubeTests.xctest */ = {isa = PBXFileReference; explicitFileType = wrapper.cfbundle; includeInIndex = 0; path = FaceTubeTests.xctest; sourceTree = BUILT_PRODUCTS_DIR; };
		D340A70F1E6030E30059E665 /* FaceTubeTests.swift */ = {isa = PBXFileReference; lastKnownFileType = sourcecode.swift; path = FaceTubeTests.swift; sourceTree = "<group>"; };
		D340A7111E6030E30059E665 /* Info.plist */ = {isa = PBXFileReference; lastKnownFileType = text.plist.xml; path = Info.plist; sourceTree = "<group>"; };
		D340A7161E6030E30059E665 /* FaceTubeUITests.xctest */ = {isa = PBXFileReference; explicitFileType = wrapper.cfbundle; includeInIndex = 0; path = FaceTubeUITests.xctest; sourceTree = BUILT_PRODUCTS_DIR; };
		D340A71A1E6030E30059E665 /* FaceTubeUITests.swift */ = {isa = PBXFileReference; lastKnownFileType = sourcecode.swift; path = FaceTubeUITests.swift; sourceTree = "<group>"; };
		D340A71C1E6030E30059E665 /* Info.plist */ = {isa = PBXFileReference; lastKnownFileType = text.plist.xml; path = Info.plist; sourceTree = "<group>"; };
		D3452E6E1E76DE0800E86405 /* FTHomeViewController.swift */ = {isa = PBXFileReference; fileEncoding = 4; lastKnownFileType = sourcecode.swift; path = FTHomeViewController.swift; sourceTree = "<group>"; };
		D3452E701E76E66E00E86405 /* FTHomeLiveTableViewCell.swift */ = {isa = PBXFileReference; fileEncoding = 4; lastKnownFileType = sourcecode.swift; path = FTHomeLiveTableViewCell.swift; sourceTree = "<group>"; };
		D372164F1E6FE0310098A907 /* IJKMediaFramework.framework */ = {isa = PBXFileReference; lastKnownFileType = wrapper.framework; path = IJKMediaFramework.framework; sourceTree = "<group>"; };
		D37216531E6FE1F80098A907 /* libc++.tbd */ = {isa = PBXFileReference; lastKnownFileType = "sourcecode.text-based-dylib-definition"; name = "libc++.tbd"; path = "usr/lib/libc++.tbd"; sourceTree = SDKROOT; };
		D372165A1E70F4680098A907 /* FTViewController.swift */ = {isa = PBXFileReference; fileEncoding = 4; lastKnownFileType = sourcecode.swift; path = FTViewController.swift; sourceTree = "<group>"; };
		D372165C1E70F4810098A907 /* FTView.swift */ = {isa = PBXFileReference; fileEncoding = 4; lastKnownFileType = sourcecode.swift; path = FTView.swift; sourceTree = "<group>"; };
		D372165E1E70F4FC0098A907 /* FTTableView.swift */ = {isa = PBXFileReference; fileEncoding = 4; lastKnownFileType = sourcecode.swift; path = FTTableView.swift; sourceTree = "<group>"; };
		D37216601E70F50B0098A907 /* FTTableViewCell.swift */ = {isa = PBXFileReference; fileEncoding = 4; lastKnownFileType = sourcecode.swift; path = FTTableViewCell.swift; sourceTree = "<group>"; };
		D37216621E70F5200098A907 /* FTArray.swift */ = {isa = PBXFileReference; fileEncoding = 4; lastKnownFileType = sourcecode.swift; path = FTArray.swift; sourceTree = "<group>"; };
		D37216641E70F52F0098A907 /* FTMutableArray.swift */ = {isa = PBXFileReference; fileEncoding = 4; lastKnownFileType = sourcecode.swift; path = FTMutableArray.swift; sourceTree = "<group>"; };
		D37216661E70F5410098A907 /* FTDictionary.swift */ = {isa = PBXFileReference; fileEncoding = 4; lastKnownFileType = sourcecode.swift; path = FTDictionary.swift; sourceTree = "<group>"; };
		D37216681E70F5600098A907 /* FTMutableDictionary.swift */ = {isa = PBXFileReference; fileEncoding = 4; lastKnownFileType = sourcecode.swift; path = FTMutableDictionary.swift; sourceTree = "<group>"; };
		D372166A1E7124A30098A907 /* FTIJKPlayerController.swift */ = {isa = PBXFileReference; fileEncoding = 4; lastKnownFileType = sourcecode.swift; path = FTIJKPlayerController.swift; sourceTree = "<group>"; };
		D372166F1E7125A80098A907 /* FTModel.swift */ = {isa = PBXFileReference; fileEncoding = 4; lastKnownFileType = sourcecode.swift; path = FTModel.swift; sourceTree = "<group>"; };
		D37216711E7128140098A907 /* FTHomeLiveModel.swift */ = {isa = PBXFileReference; fileEncoding = 4; lastKnownFileType = sourcecode.swift; path = FTHomeLiveModel.swift; sourceTree = "<group>"; };
		D37216731E7128A00098A907 /* FTDataSource.swift */ = {isa = PBXFileReference; fileEncoding = 4; lastKnownFileType = sourcecode.swift; path = FTDataSource.swift; sourceTree = "<group>"; };
		D37216761E7134B80098A907 /* FTHomeLiveDataSource.swift */ = {isa = PBXFileReference; fileEncoding = 4; lastKnownFileType = sourcecode.swift; path = FTHomeLiveDataSource.swift; sourceTree = "<group>"; };
		D372167A1E71A9A60098A907 /* FTTool.swift */ = {isa = PBXFileReference; fileEncoding = 4; lastKnownFileType = sourcecode.swift; path = FTTool.swift; sourceTree = "<group>"; };
		D3E83BD01E82AAC000AAABB9 /* FTVideoCaptureViewController.swift */ = {isa = PBXFileReference; fileEncoding = 4; lastKnownFileType = sourcecode.swift; path = FTVideoCaptureViewController.swift; sourceTree = "<group>"; };
		D3F055931E8B895800B792D7 /* Record.xcassets */ = {isa = PBXFileReference; lastKnownFileType = folder.assetcatalog; path = Record.xcassets; sourceTree = "<group>"; };
		D3F9AE411E839CD30053B543 /* FTVideoCaptureToolBar.swift */ = {isa = PBXFileReference; fileEncoding = 4; lastKnownFileType = sourcecode.swift; path = FTVideoCaptureToolBar.swift; sourceTree = "<group>"; };
		D3FA39841E85063600BA5279 /* FTFocusView.swift */ = {isa = PBXFileReference; fileEncoding = 4; lastKnownFileType = sourcecode.swift; path = FTFocusView.swift; sourceTree = "<group>"; };
		D3FA39891E850D4B00BA5279 /* FTUserView.swift */ = {isa = PBXFileReference; fileEncoding = 4; lastKnownFileType = sourcecode.swift; path = FTUserView.swift; sourceTree = "<group>"; };
		D3FA398B1E8511D100BA5279 /* Tool.xcassets */ = {isa = PBXFileReference; lastKnownFileType = folder.assetcatalog; path = Tool.xcassets; sourceTree = "<group>"; };
		DB5DDF6C4F665789FF3ECF91 /* Pods-FaceTube.debug.xcconfig */ = {isa = PBXFileReference; includeInIndex = 1; lastKnownFileType = text.xcconfig; name = "Pods-FaceTube.debug.xcconfig"; path = "Pods/Target Support Files/Pods-FaceTube/Pods-FaceTube.debug.xcconfig"; sourceTree = "<group>"; };
/* End PBXFileReference section */

/* Begin PBXFrameworksBuildPhase section */
		D340A6F11E6030E20059E665 /* Frameworks */ = {
			isa = PBXFrameworksBuildPhase;
			buildActionMask = 2147483647;
			files = (
				D37216541E6FE1F80098A907 /* libc++.tbd in Frameworks */,
				D37216511E6FE05E0098A907 /* IJKMediaFramework.framework in Frameworks */,
				D325D5FE1E67C93100CB9EEF /* VideoToolbox.framework in Frameworks */,
				D325D5FC1E67C92800CB9EEF /* OpenGLES.framework in Frameworks */,
				D325D5FA1E67C92200CB9EEF /* MobileCoreServices.framework in Frameworks */,
				D37216501E6FE0310098A907 /* IJKMediaFramework.framework in Frameworks */,
				D325D5F81E67C91700CB9EEF /* MediaPlayer.framework in Frameworks */,
				D325D5F61E67C90D00CB9EEF /* libz.tbd in Frameworks */,
				D325D5F41E67C90400CB9EEF /* libbz2.tbd in Frameworks */,
				D325D5F21E67C8B100CB9EEF /* CoreVideo.framework in Frameworks */,
				D325D5F01E67C8A300CB9EEF /* CoreMedia.framework in Frameworks */,
				D325D5EE1E67C89B00CB9EEF /* AVFoundation.framework in Frameworks */,
				D325D5EC1E67C2DF00CB9EEF /* AudioToolbox.framework in Frameworks */,
				FBAEC164427E09B129F9D94E /* Pods_FaceTube.framework in Frameworks */,
			);
			runOnlyForDeploymentPostprocessing = 0;
		};
		D340A7081E6030E30059E665 /* Frameworks */ = {
			isa = PBXFrameworksBuildPhase;
			buildActionMask = 2147483647;
			files = (
			);
			runOnlyForDeploymentPostprocessing = 0;
		};
		D340A7131E6030E30059E665 /* Frameworks */ = {
			isa = PBXFrameworksBuildPhase;
			buildActionMask = 2147483647;
			files = (
			);
			runOnlyForDeploymentPostprocessing = 0;
		};
/* End PBXFrameworksBuildPhase section */

/* Begin PBXGroup section */
		02B36256DC43015FC9AEE686 /* Pods */ = {
			isa = PBXGroup;
			children = (
				DB5DDF6C4F665789FF3ECF91 /* Pods-FaceTube.debug.xcconfig */,
				041DB04E7ED3876EBB08EFD3 /* Pods-FaceTube.release.xcconfig */,
			);
			name = Pods;
			sourceTree = "<group>";
		};
		D301153B1E6823CE00829A34 /* Tool */ = {
			isa = PBXGroup;
			children = (
				D3F9AE3E1E8397EA0053B543 /* Capture */,
				D301153C1E68245000829A34 /* FTHTTPClient.swift */,
				D372166A1E7124A30098A907 /* FTIJKPlayerController.swift */,
				D372167A1E71A9A60098A907 /* FTTool.swift */,
				D334D1E11E77B50700F67BAA /* FTFont.swift */,
				D334D2251E77C36400F67BAA /* FTColor.swift */,
				D334D2291E781ED400F67BAA /* FTValidObject.swift */,
				D334D2B91E7997AA00F67BAA /* FTMagicMoveTransion.swift */,
				D3FA398B1E8511D100BA5279 /* Tool.xcassets */,
			);
			path = Tool;
			sourceTree = "<group>";
		};
		D325D5DB1E66C63A00CB9EEF /* Shelf */ = {
			isa = PBXGroup;
			children = (
				D325D5DE1E66C6B200CB9EEF /* FTTabbarContrller.swift */,
				D334D26D1E78FF8100F67BAA /* Shelf.xcassets */,
			);
			path = Shelf;
			sourceTree = "<group>";
		};
		D325D5E31E66D71D00CB9EEF /* Home */ = {
			isa = PBXGroup;
			children = (
				D3452E6E1E76DE0800E86405 /* FTHomeViewController.swift */,
				D334D2701E79177400F67BAA /* FTLiveDetailViewController.swift */,
				D37216751E7134670098A907 /* DataSource */,
				D372166C1E7125050098A907 /* Model */,
				D372166D1E7125050098A907 /* View */,
				D325D5E61E66DA5D00CB9EEF /* Home.xcassets */,
			);
			path = Home;
			sourceTree = "<group>";
		};
		D325D5EA1E67C2DE00CB9EEF /* Frameworks */ = {
			isa = PBXGroup;
			children = (
				D372164F1E6FE0310098A907 /* IJKMediaFramework.framework */,
				D325D5FD1E67C93100CB9EEF /* VideoToolbox.framework */,
				D325D5FB1E67C92800CB9EEF /* OpenGLES.framework */,
				D325D5F91E67C92200CB9EEF /* MobileCoreServices.framework */,
				D325D5F71E67C91700CB9EEF /* MediaPlayer.framework */,
				D325D5F51E67C90D00CB9EEF /* libz.tbd */,
				D325D5F31E67C90400CB9EEF /* libbz2.tbd */,
				D37216531E6FE1F80098A907 /* libc++.tbd */,
				D325D5F11E67C8B100CB9EEF /* CoreVideo.framework */,
				D325D5EF1E67C8A300CB9EEF /* CoreMedia.framework */,
				D325D5ED1E67C89B00CB9EEF /* AVFoundation.framework */,
				D325D5EB1E67C2DF00CB9EEF /* AudioToolbox.framework */,
				854F032D28A932DD74EE96DF /* Pods_FaceTube.framework */,
			);
			name = Frameworks;
			sourceTree = "<group>";
		};
		D334D26F1E7916D700F67BAA /* Common */ = {
			isa = PBXGroup;
			children = (
				D3FA39861E850D3700BA5279 /* View */,
				D334D2B21E79427A00F67BAA /* Model */,
				D334D2B71E79899E00F67BAA /* Common.xcassets */,
			);
			path = Common;
			sourceTree = "<group>";
		};
		D334D2B21E79427A00F67BAA /* Model */ = {
			isa = PBXGroup;
			children = (
				D334D2B31E7942BE00F67BAA /* FTLiveUser.swift */,
				D334D2B51E794A7200F67BAA /* FTLiveLabel.swift */,
			);
			path = Model;
			sourceTree = "<group>";
		};
		D340A6EB1E6030E20059E665 = {
			isa = PBXGroup;
			children = (
				D340A6F61E6030E20059E665 /* FaceTube */,
				D340A70E1E6030E30059E665 /* FaceTubeTests */,
				D340A7191E6030E30059E665 /* FaceTubeUITests */,
				D340A6F51E6030E20059E665 /* Products */,
				D325D5EA1E67C2DE00CB9EEF /* Frameworks */,
				02B36256DC43015FC9AEE686 /* Pods */,
			);
			sourceTree = "<group>";
		};
		D340A6F51E6030E20059E665 /* Products */ = {
			isa = PBXGroup;
			children = (
				D340A6F41E6030E20059E665 /* FaceTube.app */,
				D340A70B1E6030E30059E665 /* FaceTubeTests.xctest */,
				D340A7161E6030E30059E665 /* FaceTubeUITests.xctest */,
			);
			name = Products;
			sourceTree = "<group>";
		};
		D340A6F61E6030E20059E665 /* FaceTube */ = {
			isa = PBXGroup;
			children = (
				D340A6F71E6030E20059E665 /* AppDelegate.swift */,
				D340A6F91E6030E20059E665 /* ViewController.swift */,
				D340A6FB1E6030E20059E665 /* Main.storyboard */,
				D325D5E31E66D71D00CB9EEF /* Home */,
				D3E83BCF1E82AA4900AAABB9 /* Record */,
				D325D5DB1E66C63A00CB9EEF /* Shelf */,
				D334D26F1E7916D700F67BAA /* Common */,
				D301153B1E6823CE00829A34 /* Tool */,
				D37216591E70F3950098A907 /* Base */,
				D340A7011E6030E20059E665 /* Assets.xcassets */,
				D340A7031E6030E20059E665 /* LaunchScreen.storyboard */,
				D340A7061E6030E20059E665 /* Info.plist */,
				D30115401E691EA500829A34 /* FaceTube-Bridging-Header.h */,
				D340A6FE1E6030E20059E665 /* FaceTube.xcdatamodeld */,
			);
			path = FaceTube;
			sourceTree = "<group>";
		};
		D340A70E1E6030E30059E665 /* FaceTubeTests */ = {
			isa = PBXGroup;
			children = (
				D340A70F1E6030E30059E665 /* FaceTubeTests.swift */,
				D340A7111E6030E30059E665 /* Info.plist */,
			);
			path = FaceTubeTests;
			sourceTree = "<group>";
		};
		D340A7191E6030E30059E665 /* FaceTubeUITests */ = {
			isa = PBXGroup;
			children = (
				D340A71A1E6030E30059E665 /* FaceTubeUITests.swift */,
				D340A71C1E6030E30059E665 /* Info.plist */,
			);
			path = FaceTubeUITests;
			sourceTree = "<group>";
		};
		D37216591E70F3950098A907 /* Base */ = {
			isa = PBXGroup;
			children = (
				D372165A1E70F4680098A907 /* FTViewController.swift */,
				D372165C1E70F4810098A907 /* FTView.swift */,
				D372166F1E7125A80098A907 /* FTModel.swift */,
				D37216731E7128A00098A907 /* FTDataSource.swift */,
				D372165E1E70F4FC0098A907 /* FTTableView.swift */,
				D37216601E70F50B0098A907 /* FTTableViewCell.swift */,
				D37216621E70F5200098A907 /* FTArray.swift */,
				D37216641E70F52F0098A907 /* FTMutableArray.swift */,
				D37216661E70F5410098A907 /* FTDictionary.swift */,
				D37216681E70F5600098A907 /* FTMutableDictionary.swift */,
			);
			path = Base;
			sourceTree = "<group>";
		};
		D372166C1E7125050098A907 /* Model */ = {
			isa = PBXGroup;
			children = (
				D37216711E7128140098A907 /* FTHomeLiveModel.swift */,
			);
			path = Model;
			sourceTree = "<group>";
		};
		D372166D1E7125050098A907 /* View */ = {
			isa = PBXGroup;
			children = (
				D372166E1E7125050098A907 /* Cell */,
			);
			path = View;
			sourceTree = "<group>";
		};
		D372166E1E7125050098A907 /* Cell */ = {
			isa = PBXGroup;
			children = (
				D3452E701E76E66E00E86405 /* FTHomeLiveTableViewCell.swift */,
			);
			path = Cell;
			sourceTree = "<group>";
		};
		D37216751E7134670098A907 /* DataSource */ = {
			isa = PBXGroup;
			children = (
				D37216761E7134B80098A907 /* FTHomeLiveDataSource.swift */,
			);
			path = DataSource;
			sourceTree = "<group>";
		};
		D3E83BCF1E82AA4900AAABB9 /* Record */ = {
			isa = PBXGroup;
			children = (
				D3E83BD01E82AAC000AAABB9 /* FTVideoCaptureViewController.swift */,
				D3F9AE3F1E839CA40053B543 /* Model */,
				D3F9AE401E839CAA0053B543 /* View */,
				D3F055931E8B895800B792D7 /* Record.xcassets */,
			);
			path = Record;
			sourceTree = "<group>";
		};
		D3F9AE3E1E8397EA0053B543 /* Capture */ = {
			isa = PBXGroup;
			children = (
				D3FA39841E85063600BA5279 /* FTFocusView.swift */,
			);
			path = Capture;
			sourceTree = "<group>";
		};
		D3F9AE3F1E839CA40053B543 /* Model */ = {
			isa = PBXGroup;
			children = (
			);
			path = Model;
			sourceTree = "<group>";
		};
		D3F9AE401E839CAA0053B543 /* View */ = {
			isa = PBXGroup;
			children = (
				D3F9AE411E839CD30053B543 /* FTVideoCaptureToolBar.swift */,
			);
			path = View;
			sourceTree = "<group>";
		};
		D3FA39861E850D3700BA5279 /* View */ = {
			isa = PBXGroup;
			children = (
				D3FA39891E850D4B00BA5279 /* FTUserView.swift */,
			);
			path = View;
			sourceTree = "<group>";
		};
/* End PBXGroup section */

/* Begin PBXNativeTarget section */
		D340A6F31E6030E20059E665 /* FaceTube */ = {
			isa = PBXNativeTarget;
			buildConfigurationList = D340A71F1E6030E30059E665 /* Build configuration list for PBXNativeTarget "FaceTube" */;
			buildPhases = (
				C033CF6C361BCA4479E04874 /* [CP] Check Pods Manifest.lock */,
				D340A6F01E6030E20059E665 /* Sources */,
				D340A6F11E6030E20059E665 /* Frameworks */,
				D340A6F21E6030E20059E665 /* Resources */,
				A3E72797FE3BAA16B5536EFB /* [CP] Embed Pods Frameworks */,
				8869D56EAB557C97D3BEACA1 /* [CP] Copy Pods Resources */,
				D3CB8F7A1E6D359700434A17 /* Embed Frameworks */,
			);
			buildRules = (
			);
			dependencies = (
			);
			name = FaceTube;
			productName = FaceTube;
			productReference = D340A6F41E6030E20059E665 /* FaceTube.app */;
			productType = "com.apple.product-type.application";
		};
		D340A70A1E6030E30059E665 /* FaceTubeTests */ = {
			isa = PBXNativeTarget;
			buildConfigurationList = D340A7221E6030E30059E665 /* Build configuration list for PBXNativeTarget "FaceTubeTests" */;
			buildPhases = (
				D340A7071E6030E30059E665 /* Sources */,
				D340A7081E6030E30059E665 /* Frameworks */,
				D340A7091E6030E30059E665 /* Resources */,
			);
			buildRules = (
			);
			dependencies = (
				D340A70D1E6030E30059E665 /* PBXTargetDependency */,
			);
			name = FaceTubeTests;
			productName = FaceTubeTests;
			productReference = D340A70B1E6030E30059E665 /* FaceTubeTests.xctest */;
			productType = "com.apple.product-type.bundle.unit-test";
		};
		D340A7151E6030E30059E665 /* FaceTubeUITests */ = {
			isa = PBXNativeTarget;
			buildConfigurationList = D340A7251E6030E30059E665 /* Build configuration list for PBXNativeTarget "FaceTubeUITests" */;
			buildPhases = (
				D340A7121E6030E30059E665 /* Sources */,
				D340A7131E6030E30059E665 /* Frameworks */,
				D340A7141E6030E30059E665 /* Resources */,
			);
			buildRules = (
			);
			dependencies = (
				D340A7181E6030E30059E665 /* PBXTargetDependency */,
			);
			name = FaceTubeUITests;
			productName = FaceTubeUITests;
			productReference = D340A7161E6030E30059E665 /* FaceTubeUITests.xctest */;
			productType = "com.apple.product-type.bundle.ui-testing";
		};
/* End PBXNativeTarget section */

/* Begin PBXProject section */
		D340A6EC1E6030E20059E665 /* Project object */ = {
			isa = PBXProject;
			attributes = {
				LastSwiftUpdateCheck = 0820;
				LastUpgradeCheck = 0820;
				ORGANIZATIONNAME = "https://github.com/LongPF/FaceTube";
				TargetAttributes = {
					D340A6F31E6030E20059E665 = {
						CreatedOnToolsVersion = 8.2.1;
						DevelopmentTeam = 92TS993A24;
						ProvisioningStyle = Automatic;
					};
					D340A70A1E6030E30059E665 = {
						CreatedOnToolsVersion = 8.2.1;
						ProvisioningStyle = Automatic;
						TestTargetID = D340A6F31E6030E20059E665;
					};
					D340A7151E6030E30059E665 = {
						CreatedOnToolsVersion = 8.2.1;
						ProvisioningStyle = Automatic;
						TestTargetID = D340A6F31E6030E20059E665;
					};
				};
			};
			buildConfigurationList = D340A6EF1E6030E20059E665 /* Build configuration list for PBXProject "FaceTube" */;
			compatibilityVersion = "Xcode 3.2";
			developmentRegion = English;
			hasScannedForEncodings = 0;
			knownRegions = (
				en,
				Base,
			);
			mainGroup = D340A6EB1E6030E20059E665;
			productRefGroup = D340A6F51E6030E20059E665 /* Products */;
			projectDirPath = "";
			projectRoot = "";
			targets = (
				D340A6F31E6030E20059E665 /* FaceTube */,
				D340A70A1E6030E30059E665 /* FaceTubeTests */,
				D340A7151E6030E30059E665 /* FaceTubeUITests */,
			);
		};
/* End PBXProject section */

/* Begin PBXResourcesBuildPhase section */
		D340A6F21E6030E20059E665 /* Resources */ = {
			isa = PBXResourcesBuildPhase;
			buildActionMask = 2147483647;
			files = (
				D334D26E1E78FF8100F67BAA /* Shelf.xcassets in Resources */,
				D340A7051E6030E20059E665 /* LaunchScreen.storyboard in Resources */,
				D3F055941E8B895800B792D7 /* Record.xcassets in Resources */,
				D334D2B81E79899E00F67BAA /* Common.xcassets in Resources */,
				D340A7021E6030E20059E665 /* Assets.xcassets in Resources */,
				D325D5E71E66DA5D00CB9EEF /* Home.xcassets in Resources */,
				D340A6FD1E6030E20059E665 /* Main.storyboard in Resources */,
				D3FA398C1E8511D100BA5279 /* Tool.xcassets in Resources */,
			);
			runOnlyForDeploymentPostprocessing = 0;
		};
		D340A7091E6030E30059E665 /* Resources */ = {
			isa = PBXResourcesBuildPhase;
			buildActionMask = 2147483647;
			files = (
			);
			runOnlyForDeploymentPostprocessing = 0;
		};
		D340A7141E6030E30059E665 /* Resources */ = {
			isa = PBXResourcesBuildPhase;
			buildActionMask = 2147483647;
			files = (
			);
			runOnlyForDeploymentPostprocessing = 0;
		};
/* End PBXResourcesBuildPhase section */

/* Begin PBXShellScriptBuildPhase section */
		8869D56EAB557C97D3BEACA1 /* [CP] Copy Pods Resources */ = {
			isa = PBXShellScriptBuildPhase;
			buildActionMask = 2147483647;
			files = (
			);
			inputPaths = (
			);
			name = "[CP] Copy Pods Resources";
			outputPaths = (
			);
			runOnlyForDeploymentPostprocessing = 0;
			shellPath = /bin/sh;
			shellScript = "\"${SRCROOT}/Pods/Target Support Files/Pods-FaceTube/Pods-FaceTube-resources.sh\"\n";
			showEnvVarsInLog = 0;
		};
		A3E72797FE3BAA16B5536EFB /* [CP] Embed Pods Frameworks */ = {
			isa = PBXShellScriptBuildPhase;
			buildActionMask = 2147483647;
			files = (
			);
			inputPaths = (
			);
			name = "[CP] Embed Pods Frameworks";
			outputPaths = (
			);
			runOnlyForDeploymentPostprocessing = 0;
			shellPath = /bin/sh;
			shellScript = "\"${SRCROOT}/Pods/Target Support Files/Pods-FaceTube/Pods-FaceTube-frameworks.sh\"\n";
			showEnvVarsInLog = 0;
		};
		C033CF6C361BCA4479E04874 /* [CP] Check Pods Manifest.lock */ = {
			isa = PBXShellScriptBuildPhase;
			buildActionMask = 2147483647;
			files = (
			);
			inputPaths = (
			);
			name = "[CP] Check Pods Manifest.lock";
			outputPaths = (
			);
			runOnlyForDeploymentPostprocessing = 0;
			shellPath = /bin/sh;
			shellScript = "diff \"${PODS_ROOT}/../Podfile.lock\" \"${PODS_ROOT}/Manifest.lock\" > /dev/null\nif [ $? != 0 ] ; then\n    # print error to STDERR\n    echo \"error: The sandbox is not in sync with the Podfile.lock. Run 'pod install' or update your CocoaPods installation.\" >&2\n    exit 1\nfi\n";
			showEnvVarsInLog = 0;
		};
/* End PBXShellScriptBuildPhase section */

/* Begin PBXSourcesBuildPhase section */
		D340A6F01E6030E20059E665 /* Sources */ = {
			isa = PBXSourcesBuildPhase;
			buildActionMask = 2147483647;
			files = (
				D334D2BA1E7997AA00F67BAA /* FTMagicMoveTransion.swift in Sources */,
				D37216631E70F5200098A907 /* FTArray.swift in Sources */,
				D334D2261E77C36400F67BAA /* FTColor.swift in Sources */,
				D37216771E7134B80098A907 /* FTHomeLiveDataSource.swift in Sources */,
				D301153D1E68245000829A34 /* FTHTTPClient.swift in Sources */,
				D37216701E7125A80098A907 /* FTModel.swift in Sources */,
				D340A6FA1E6030E20059E665 /* ViewController.swift in Sources */,
				D37216671E70F5410098A907 /* FTDictionary.swift in Sources */,
				D372167B1E71A9A60098A907 /* FTTool.swift in Sources */,
				D325D5DF1E66C6B200CB9EEF /* FTTabbarContrller.swift in Sources */,
				D334D2711E79177400F67BAA /* FTLiveDetailViewController.swift in Sources */,
				D37216691E70F5600098A907 /* FTMutableDictionary.swift in Sources */,
				D3452E711E76E66E00E86405 /* FTHomeLiveTableViewCell.swift in Sources */,
				D3F9AE421E839CD30053B543 /* FTVideoCaptureToolBar.swift in Sources */,
				D372165D1E70F4810098A907 /* FTView.swift in Sources */,
				D37216651E70F52F0098A907 /* FTMutableArray.swift in Sources */,
				D372165F1E70F4FC0098A907 /* FTTableView.swift in Sources */,
				D3E83BD11E82AAC100AAABB9 /* FTVideoCaptureViewController.swift in Sources */,
				D334D2B41E7942BE00F67BAA /* FTLiveUser.swift in Sources */,
				D3452E6F1E76DE0900E86405 /* FTHomeViewController.swift in Sources */,
				D340A6F81E6030E20059E665 /* AppDelegate.swift in Sources */,
				D334D22A1E781ED400F67BAA /* FTValidObject.swift in Sources */,
				D334D2B61E794A7200F67BAA /* FTLiveLabel.swift in Sources */,
				D3FA39851E85063600BA5279 /* FTFocusView.swift in Sources */,
				D334D1E21E77B50700F67BAA /* FTFont.swift in Sources */,
				D3FA398A1E850D4B00BA5279 /* FTUserView.swift in Sources */,
				D37216741E7128A00098A907 /* FTDataSource.swift in Sources */,
				D372166B1E7124A30098A907 /* FTIJKPlayerController.swift in Sources */,
				D37216611E70F50B0098A907 /* FTTableViewCell.swift in Sources */,
				D340A7001E6030E20059E665 /* FaceTube.xcdatamodeld in Sources */,
				D372165B1E70F4680098A907 /* FTViewController.swift in Sources */,
				D37216721E7128140098A907 /* FTHomeLiveModel.swift in Sources */,
			);
			runOnlyForDeploymentPostprocessing = 0;
		};
		D340A7071E6030E30059E665 /* Sources */ = {
			isa = PBXSourcesBuildPhase;
			buildActionMask = 2147483647;
			files = (
				D340A7101E6030E30059E665 /* FaceTubeTests.swift in Sources */,
			);
			runOnlyForDeploymentPostprocessing = 0;
		};
		D340A7121E6030E30059E665 /* Sources */ = {
			isa = PBXSourcesBuildPhase;
			buildActionMask = 2147483647;
			files = (
				D340A71B1E6030E30059E665 /* FaceTubeUITests.swift in Sources */,
			);
			runOnlyForDeploymentPostprocessing = 0;
		};
/* End PBXSourcesBuildPhase section */

/* Begin PBXTargetDependency section */
		D340A70D1E6030E30059E665 /* PBXTargetDependency */ = {
			isa = PBXTargetDependency;
			target = D340A6F31E6030E20059E665 /* FaceTube */;
			targetProxy = D340A70C1E6030E30059E665 /* PBXContainerItemProxy */;
		};
		D340A7181E6030E30059E665 /* PBXTargetDependency */ = {
			isa = PBXTargetDependency;
			target = D340A6F31E6030E20059E665 /* FaceTube */;
			targetProxy = D340A7171E6030E30059E665 /* PBXContainerItemProxy */;
		};
/* End PBXTargetDependency section */

/* Begin PBXVariantGroup section */
		D340A6FB1E6030E20059E665 /* Main.storyboard */ = {
			isa = PBXVariantGroup;
			children = (
				D340A6FC1E6030E20059E665 /* Base */,
			);
			name = Main.storyboard;
			sourceTree = "<group>";
		};
		D340A7031E6030E20059E665 /* LaunchScreen.storyboard */ = {
			isa = PBXVariantGroup;
			children = (
				D340A7041E6030E20059E665 /* Base */,
			);
			name = LaunchScreen.storyboard;
			sourceTree = "<group>";
		};
/* End PBXVariantGroup section */

/* Begin XCBuildConfiguration section */
		D340A71D1E6030E30059E665 /* Debug */ = {
			isa = XCBuildConfiguration;
			buildSettings = {
				ALWAYS_SEARCH_USER_PATHS = NO;
				CLANG_ANALYZER_NONNULL = YES;
				CLANG_CXX_LANGUAGE_STANDARD = "gnu++0x";
				CLANG_CXX_LIBRARY = "libc++";
				CLANG_ENABLE_MODULES = YES;
				CLANG_ENABLE_OBJC_ARC = YES;
				CLANG_WARN_BOOL_CONVERSION = YES;
				CLANG_WARN_CONSTANT_CONVERSION = YES;
				CLANG_WARN_DIRECT_OBJC_ISA_USAGE = YES_ERROR;
				CLANG_WARN_DOCUMENTATION_COMMENTS = YES;
				CLANG_WARN_EMPTY_BODY = YES;
				CLANG_WARN_ENUM_CONVERSION = YES;
				CLANG_WARN_INFINITE_RECURSION = YES;
				CLANG_WARN_INT_CONVERSION = YES;
				CLANG_WARN_OBJC_ROOT_CLASS = YES_ERROR;
				CLANG_WARN_SUSPICIOUS_MOVE = YES;
				CLANG_WARN_UNREACHABLE_CODE = YES;
				CLANG_WARN__DUPLICATE_METHOD_MATCH = YES;
				"CODE_SIGN_IDENTITY[sdk=iphoneos*]" = "iPhone Developer";
				COPY_PHASE_STRIP = NO;
				DEBUG_INFORMATION_FORMAT = dwarf;
				ENABLE_STRICT_OBJC_MSGSEND = YES;
				ENABLE_TESTABILITY = YES;
				GCC_C_LANGUAGE_STANDARD = gnu99;
				GCC_DYNAMIC_NO_PIC = NO;
				GCC_NO_COMMON_BLOCKS = YES;
				GCC_OPTIMIZATION_LEVEL = 0;
				GCC_PREPROCESSOR_DEFINITIONS = (
					"DEBUG=1",
					"$(inherited)",
				);
				GCC_WARN_64_TO_32_BIT_CONVERSION = YES;
				GCC_WARN_ABOUT_RETURN_TYPE = YES_ERROR;
				GCC_WARN_UNDECLARED_SELECTOR = YES;
				GCC_WARN_UNINITIALIZED_AUTOS = YES_AGGRESSIVE;
				GCC_WARN_UNUSED_FUNCTION = YES;
				GCC_WARN_UNUSED_VARIABLE = YES;
				IPHONEOS_DEPLOYMENT_TARGET = 10.2;
				MTL_ENABLE_DEBUG_INFO = YES;
				ONLY_ACTIVE_ARCH = YES;
				SDKROOT = iphoneos;
				SWIFT_ACTIVE_COMPILATION_CONDITIONS = DEBUG;
				SWIFT_OPTIMIZATION_LEVEL = "-Onone";
			};
			name = Debug;
		};
		D340A71E1E6030E30059E665 /* Release */ = {
			isa = XCBuildConfiguration;
			buildSettings = {
				ALWAYS_SEARCH_USER_PATHS = NO;
				CLANG_ANALYZER_NONNULL = YES;
				CLANG_CXX_LANGUAGE_STANDARD = "gnu++0x";
				CLANG_CXX_LIBRARY = "libc++";
				CLANG_ENABLE_MODULES = YES;
				CLANG_ENABLE_OBJC_ARC = YES;
				CLANG_WARN_BOOL_CONVERSION = YES;
				CLANG_WARN_CONSTANT_CONVERSION = YES;
				CLANG_WARN_DIRECT_OBJC_ISA_USAGE = YES_ERROR;
				CLANG_WARN_DOCUMENTATION_COMMENTS = YES;
				CLANG_WARN_EMPTY_BODY = YES;
				CLANG_WARN_ENUM_CONVERSION = YES;
				CLANG_WARN_INFINITE_RECURSION = YES;
				CLANG_WARN_INT_CONVERSION = YES;
				CLANG_WARN_OBJC_ROOT_CLASS = YES_ERROR;
				CLANG_WARN_SUSPICIOUS_MOVE = YES;
				CLANG_WARN_UNREACHABLE_CODE = YES;
				CLANG_WARN__DUPLICATE_METHOD_MATCH = YES;
				"CODE_SIGN_IDENTITY[sdk=iphoneos*]" = "iPhone Developer";
				COPY_PHASE_STRIP = NO;
				DEBUG_INFORMATION_FORMAT = "dwarf-with-dsym";
				ENABLE_NS_ASSERTIONS = NO;
				ENABLE_STRICT_OBJC_MSGSEND = YES;
				GCC_C_LANGUAGE_STANDARD = gnu99;
				GCC_NO_COMMON_BLOCKS = YES;
				GCC_WARN_64_TO_32_BIT_CONVERSION = YES;
				GCC_WARN_ABOUT_RETURN_TYPE = YES_ERROR;
				GCC_WARN_UNDECLARED_SELECTOR = YES;
				GCC_WARN_UNINITIALIZED_AUTOS = YES_AGGRESSIVE;
				GCC_WARN_UNUSED_FUNCTION = YES;
				GCC_WARN_UNUSED_VARIABLE = YES;
				IPHONEOS_DEPLOYMENT_TARGET = 10.2;
				MTL_ENABLE_DEBUG_INFO = NO;
				SDKROOT = iphoneos;
				SWIFT_OPTIMIZATION_LEVEL = "-Owholemodule";
				VALIDATE_PRODUCT = YES;
			};
			name = Release;
		};
		D340A7201E6030E30059E665 /* Debug */ = {
			isa = XCBuildConfiguration;
			baseConfigurationReference = DB5DDF6C4F665789FF3ECF91 /* Pods-FaceTube.debug.xcconfig */;
			buildSettings = {
				ASSETCATALOG_COMPILER_APPICON_NAME = AppIcon;
				DEFINES_MODULE = YES;
				DEVELOPMENT_TEAM = 92TS993A24;
				FRAMEWORK_SEARCH_PATHS = (
					"$(inherited)",
					"$(PROJECT_DIR)",
				);
				HEADER_SEARCH_PATHS = "";
				INFOPLIST_FILE = FaceTube/Info.plist;
				IPHONEOS_DEPLOYMENT_TARGET = 8.0;
				LD_RUNPATH_SEARCH_PATHS = "$(inherited) @executable_path/Frameworks";
				PRODUCT_BUNDLE_IDENTIFIER = longpengfei.FaceTube;
				PRODUCT_NAME = "$(TARGET_NAME)";
				SWIFT_OBJC_BRIDGING_HEADER = "FaceTube/FaceTube-Bridging-Header.h";
				SWIFT_VERSION = 3.0;
			};
			name = Debug;
		};
		D340A7211E6030E30059E665 /* Release */ = {
			isa = XCBuildConfiguration;
			baseConfigurationReference = 041DB04E7ED3876EBB08EFD3 /* Pods-FaceTube.release.xcconfig */;
			buildSettings = {
				ASSETCATALOG_COMPILER_APPICON_NAME = AppIcon;
				DEFINES_MODULE = YES;
				DEVELOPMENT_TEAM = 92TS993A24;
				FRAMEWORK_SEARCH_PATHS = (
					"$(inherited)",
					"$(PROJECT_DIR)",
				);
				HEADER_SEARCH_PATHS = "";
				INFOPLIST_FILE = FaceTube/Info.plist;
				IPHONEOS_DEPLOYMENT_TARGET = 8.0;
				LD_RUNPATH_SEARCH_PATHS = "$(inherited) @executable_path/Frameworks";
				PRODUCT_BUNDLE_IDENTIFIER = longpengfei.FaceTube;
				PRODUCT_NAME = "$(TARGET_NAME)";
				SWIFT_OBJC_BRIDGING_HEADER = "FaceTube/FaceTube-Bridging-Header.h";
				SWIFT_VERSION = 3.0;
			};
			name = Release;
		};
		D340A7231E6030E30059E665 /* Debug */ = {
			isa = XCBuildConfiguration;
			buildSettings = {
				ALWAYS_EMBED_SWIFT_STANDARD_LIBRARIES = YES;
				BUNDLE_LOADER = "$(TEST_HOST)";
				INFOPLIST_FILE = FaceTubeTests/Info.plist;
				LD_RUNPATH_SEARCH_PATHS = "$(inherited) @executable_path/Frameworks @loader_path/Frameworks";
				PRODUCT_BUNDLE_IDENTIFIER = longpengfei.FaceTubeTests;
				PRODUCT_NAME = "$(TARGET_NAME)";
				SWIFT_VERSION = 3.0;
				TEST_HOST = "$(BUILT_PRODUCTS_DIR)/FaceTube.app/FaceTube";
			};
			name = Debug;
		};
		D340A7241E6030E30059E665 /* Release */ = {
			isa = XCBuildConfiguration;
			buildSettings = {
				ALWAYS_EMBED_SWIFT_STANDARD_LIBRARIES = YES;
				BUNDLE_LOADER = "$(TEST_HOST)";
				INFOPLIST_FILE = FaceTubeTests/Info.plist;
				LD_RUNPATH_SEARCH_PATHS = "$(inherited) @executable_path/Frameworks @loader_path/Frameworks";
				PRODUCT_BUNDLE_IDENTIFIER = longpengfei.FaceTubeTests;
				PRODUCT_NAME = "$(TARGET_NAME)";
				SWIFT_VERSION = 3.0;
				TEST_HOST = "$(BUILT_PRODUCTS_DIR)/FaceTube.app/FaceTube";
			};
			name = Release;
		};
		D340A7261E6030E30059E665 /* Debug */ = {
			isa = XCBuildConfiguration;
			buildSettings = {
				ALWAYS_EMBED_SWIFT_STANDARD_LIBRARIES = YES;
				INFOPLIST_FILE = FaceTubeUITests/Info.plist;
				LD_RUNPATH_SEARCH_PATHS = "$(inherited) @executable_path/Frameworks @loader_path/Frameworks";
				PRODUCT_BUNDLE_IDENTIFIER = longpengfei.FaceTubeUITests;
				PRODUCT_NAME = "$(TARGET_NAME)";
				SWIFT_VERSION = 3.0;
				TEST_TARGET_NAME = FaceTube;
			};
			name = Debug;
		};
		D340A7271E6030E30059E665 /* Release */ = {
			isa = XCBuildConfiguration;
			buildSettings = {
				ALWAYS_EMBED_SWIFT_STANDARD_LIBRARIES = YES;
				INFOPLIST_FILE = FaceTubeUITests/Info.plist;
				LD_RUNPATH_SEARCH_PATHS = "$(inherited) @executable_path/Frameworks @loader_path/Frameworks";
				PRODUCT_BUNDLE_IDENTIFIER = longpengfei.FaceTubeUITests;
				PRODUCT_NAME = "$(TARGET_NAME)";
				SWIFT_VERSION = 3.0;
				TEST_TARGET_NAME = FaceTube;
			};
			name = Release;
		};
/* End XCBuildConfiguration section */

/* Begin XCConfigurationList section */
		D340A6EF1E6030E20059E665 /* Build configuration list for PBXProject "FaceTube" */ = {
			isa = XCConfigurationList;
			buildConfigurations = (
				D340A71D1E6030E30059E665 /* Debug */,
				D340A71E1E6030E30059E665 /* Release */,
			);
			defaultConfigurationIsVisible = 0;
			defaultConfigurationName = Release;
		};
		D340A71F1E6030E30059E665 /* Build configuration list for PBXNativeTarget "FaceTube" */ = {
			isa = XCConfigurationList;
			buildConfigurations = (
				D340A7201E6030E30059E665 /* Debug */,
				D340A7211E6030E30059E665 /* Release */,
			);
			defaultConfigurationIsVisible = 0;
			defaultConfigurationName = Release;
		};
		D340A7221E6030E30059E665 /* Build configuration list for PBXNativeTarget "FaceTubeTests" */ = {
			isa = XCConfigurationList;
			buildConfigurations = (
				D340A7231E6030E30059E665 /* Debug */,
				D340A7241E6030E30059E665 /* Release */,
			);
			defaultConfigurationIsVisible = 0;
			defaultConfigurationName = Release;
		};
		D340A7251E6030E30059E665 /* Build configuration list for PBXNativeTarget "FaceTubeUITests" */ = {
			isa = XCConfigurationList;
			buildConfigurations = (
				D340A7261E6030E30059E665 /* Debug */,
				D340A7271E6030E30059E665 /* Release */,
			);
			defaultConfigurationIsVisible = 0;
			defaultConfigurationName = Release;
		};
/* End XCConfigurationList section */

/* Begin XCVersionGroup section */
		D340A6FE1E6030E20059E665 /* FaceTube.xcdatamodeld */ = {
			isa = XCVersionGroup;
			children = (
				D340A6FF1E6030E20059E665 /* FaceTube.xcdatamodel */,
			);
			currentVersion = D340A6FF1E6030E20059E665 /* FaceTube.xcdatamodel */;
			path = FaceTube.xcdatamodeld;
			sourceTree = "<group>";
			versionGroupType = wrapper.xcdatamodel;
		};
/* End XCVersionGroup section */
	};
	rootObject = D340A6EC1E6030E20059E665 /* Project object */;
}
